
Microsoft Visual Studio Solution File, Format Version 12.00
# Visual Studio Version 17
VisualStudioVersion = 17.13.35931.197 d17.13
MinimumVisualStudioVersion = 10.0.40219.1
Project("{FAE04EC0-301F-11D3-BF4B-00C04F79EFBC}") = "GeminiDocVerifier", "GeminiDocVerifier\GeminiDocVerifier.csproj", "{CCB905DD-FBB8-41E8-AF8E-6BF122B681EF}"
EndProject
Global
	GlobalSection(SolutionConfigurationPlatforms) = preSolution
		Debug|Any CPU = Debug|Any CPU
		Release|Any CPU = Release|Any CPU
	EndGlobalSection
	GlobalSection(ProjectConfigurationPlatforms) = postSolution
		{CCB905DD-FBB8-41E8-AF8E-6BF122B681EF}.Debug|Any CPU.ActiveCfg = Debug|Any CPU
		{CCB905DD-FBB8-41E8-AF8E-6BF122B681EF}.Debug|Any CPU.Build.0 = Debug|Any CPU
		{CCB905DD-FBB8-41E8-AF8E-6BF122B681EF}.Release|Any CPU.ActiveCfg = Release|Any CPU
		{CCB905DD-FBB8-41E8-AF8E-6BF122B681EF}.Release|Any CPU.Build.0 = Release|Any CPU
	EndGlobalSection
	GlobalSection(SolutionProperties) = preSolution
		HideSolutionNode = FALSE
	EndGlobalSection
	GlobalSection(ExtensibilityGlobals) = postSolution
		SolutionGuid = {B9D80B95-60BE-4621-AD7D-F7594DFC8213}
	EndGlobalSection
EndGlobal
